// !$*UTF8*$!
{
	archiveVersion = 1;
	classes = {
	};
	objectVersion = 46;
	objects = {

/* Begin PBXBuildFile section */
		501C56D71F64BAC600752AA4 /* Particle.ch8 in Resources */ = {isa = PBXBuildFile; fileRef = 501C56D61F64BA8400752AA4 /* Particle.ch8 */; };
		501C56D91F64BC9900752AA4 /* Stars.ch8 in Resources */ = {isa = PBXBuildFile; fileRef = 501C56D81F64BC9900752AA4 /* Stars.ch8 */; };
		509485BA1F624E4D00E944E0 /* AppDelegate.swift in Sources */ = {isa = PBXBuildFile; fileRef = 509485B91F624E4D00E944E0 /* AppDelegate.swift */; };
		509485BC1F624E4D00E944E0 /* ViewController.swift in Sources */ = {isa = PBXBuildFile; fileRef = 509485BB1F624E4D00E944E0 /* ViewController.swift */; };
		509485BE1F624E4D00E944E0 /* Assets.xcassets in Resources */ = {isa = PBXBuildFile; fileRef = 509485BD1F624E4D00E944E0 /* Assets.xcassets */; };
		509485C11F624E4D00E944E0 /* Main.storyboard in Resources */ = {isa = PBXBuildFile; fileRef = 509485BF1F624E4D00E944E0 /* Main.storyboard */; };
		509485C91F624E8200E944E0 /* Chip8.swift in Sources */ = {isa = PBXBuildFile; fileRef = 509485C81F624E8200E944E0 /* Chip8.swift */; };
		509485CC1F64B45600E944E0 /* Maze.ch8 in Resources */ = {isa = PBXBuildFile; fileRef = 509485CB1F64B45600E944E0 /* Maze.ch8 */; };
/* End PBXBuildFile section */

/* Begin PBXFileReference section */
		501C56D61F64BA8400752AA4 /* Particle.ch8 */ = {isa = PBXFileReference; lastKnownFileType = file; path = Particle.ch8; sourceTree = "<group>"; };
		501C56D81F64BC9900752AA4 /* Stars.ch8 */ = {isa = PBXFileReference; lastKnownFileType = file; path = Stars.ch8; sourceTree = "<group>"; };
		509485B61F624E4D00E944E0 /* Chip8.app */ = {isa = PBXFileReference; explicitFileType = wrapper.application; includeInIndex = 0; path = Chip8.app; sourceTree = BUILT_PRODUCTS_DIR; };
		509485B91F624E4D00E944E0 /* AppDelegate.swift */ = {isa = PBXFileReference; lastKnownFileType = sourcecode.swift; path = AppDelegate.swift; sourceTree = "<group>"; };
		509485BB1F624E4D00E944E0 /* ViewController.swift */ = {isa = PBXFileReference; lastKnownFileType = sourcecode.swift; path = ViewController.swift; sourceTree = "<group>"; };
		509485BD1F624E4D00E944E0 /* Assets.xcassets */ = {isa = PBXFileReference; lastKnownFileType = folder.assetcatalog; path = Assets.xcassets; sourceTree = "<group>"; };
		509485C01F624E4D00E944E0 /* Base */ = {isa = PBXFileReference; lastKnownFileType = file.storyboard; name = Base; path = Base.lproj/Main.storyboard; sourceTree = "<group>"; };
		509485C21F624E4D00E944E0 /* Info.plist */ = {isa = PBXFileReference; lastKnownFileType = text.plist.xml; path = Info.plist; sourceTree = "<group>"; };
		509485C81F624E8200E944E0 /* Chip8.swift */ = {isa = PBXFileReference; fileEncoding = 4; lastKnownFileType = sourcecode.swift; path = Chip8.swift; sourceTree = "<group>"; };
		509485CB1F64B45600E944E0 /* Maze.ch8 */ = {isa = PBXFileReference; lastKnownFileType = file; path = Maze.ch8; sourceTree = "<group>"; };
/* End PBXFileReference section */

/* Begin PBXFrameworksBuildPhase section */
		509485B31F624E4D00E944E0 /* Frameworks */ = {
			isa = PBXFrameworksBuildPhase;
			buildActionMask = 2147483647;
			files = (
			);
			runOnlyForDeploymentPostprocessing = 0;
		};
/* End PBXFrameworksBuildPhase section */

/* Begin PBXGroup section */
		509485AD1F624E4D00E944E0 = {
			isa = PBXGroup;
			children = (
				509485B81F624E4D00E944E0 /* Chip8 */,
				509485B71F624E4D00E944E0 /* Products */,
			);
			sourceTree = "<group>";
		};
		509485B71F624E4D00E944E0 /* Products */ = {
			isa = PBXGroup;
			children = (
				509485B61F624E4D00E944E0 /* Chip8.app */,
			);
			name = Products;
			sourceTree = "<group>";
		};
		509485B81F624E4D00E944E0 /* Chip8 */ = {
			isa = PBXGroup;
			children = (
				509485CA1F64B43F00E944E0 /* Roms */,
				509485B91F624E4D00E944E0 /* AppDelegate.swift */,
				509485BB1F624E4D00E944E0 /* ViewController.swift */,
				509485C81F624E8200E944E0 /* Chip8.swift */,
				509485BD1F624E4D00E944E0 /* Assets.xcassets */,
				509485BF1F624E4D00E944E0 /* Main.storyboard */,
				509485C21F624E4D00E944E0 /* Info.plist */,
			);
			path = Chip8;
			sourceTree = "<group>";
		};
		509485CA1F64B43F00E944E0 /* Roms */ = {
			isa = PBXGroup;
			children = (
				501C56D81F64BC9900752AA4 /* Stars.ch8 */,
				501C56D61F64BA8400752AA4 /* Particle.ch8 */,
				509485CB1F64B45600E944E0 /* Maze.ch8 */,
			);
			name = Roms;
			sourceTree = "<group>";
		};
/* End PBXGroup section */

/* Begin PBXNativeTarget section */
		509485B51F624E4D00E944E0 /* Chip8 */ = {
			isa = PBXNativeTarget;
			buildConfigurationList = 509485C51F624E4D00E944E0 /* Build configuration list for PBXNativeTarget "Chip8" */;
			buildPhases = (
				509485B21F624E4D00E944E0 /* Sources */,
				509485B31F624E4D00E944E0 /* Frameworks */,
				509485B41F624E4D00E944E0 /* Resources */,
			);
			buildRules = (
			);
			dependencies = (
			);
			name = Chip8;
			productName = Chip8;
			productReference = 509485B61F624E4D00E944E0 /* Chip8.app */;
			productType = "com.apple.product-type.application";
		};
/* End PBXNativeTarget section */

/* Begin PBXProject section */
		509485AE1F624E4D00E944E0 /* Project object */ = {
			isa = PBXProject;
			attributes = {
				LastSwiftUpdateCheck = 0830;
				LastUpgradeCheck = 0830;
				ORGANIZATIONNAME = "Max Rose";
				TargetAttributes = {
					509485B51F624E4D00E944E0 = {
						CreatedOnToolsVersion = 8.3.3;
						ProvisioningStyle = Automatic;
					};
				};
			};
			buildConfigurationList = 509485B11F624E4D00E944E0 /* Build configuration list for PBXProject "Chip8" */;
			compatibilityVersion = "Xcode 3.2";
			developmentRegion = English;
			hasScannedForEncodings = 0;
			knownRegions = (
				en,
				Base,
			);
			mainGroup = 509485AD1F624E4D00E944E0;
			productRefGroup = 509485B71F624E4D00E944E0 /* Products */;
			projectDirPath = "";
			projectRoot = "";
			targets = (
				509485B51F624E4D00E944E0 /* Chip8 */,
			);
		};
/* End PBXProject section */

/* Begin PBXResourcesBuildPhase section */
		509485B41F624E4D00E944E0 /* Resources */ = {
			isa = PBXResourcesBuildPhase;
			buildActionMask = 2147483647;
			files = (
				509485BE1F624E4D00E944E0 /* Assets.xcassets in Resources */,
				501C56D71F64BAC600752AA4 /* Particle.ch8 in Resources */,
				501C56D91F64BC9900752AA4 /* Stars.ch8 in Resources */,
				509485CC1F64B45600E944E0 /* Maze.ch8 in Resources */,
				509485C11F624E4D00E944E0 /* Main.storyboard in Resources */,
			);
			runOnlyForDeploymentPostprocessing = 0;
		};
/* End PBXResourcesBuildPhase section */

/* Begin PBXSourcesBuildPhase section */
		509485B21F624E4D00E944E0 /* Sources */ = {
			isa = PBXSourcesBuildPhase;
			buildActionMask = 2147483647;
			files = (
				509485C91F624E8200E944E0 /* Chip8.swift in Sources */,
				509485BC1F624E4D00E944E0 /* ViewController.swift in Sources */,
				509485BA1F624E4D00E944E0 /* AppDelegate.swift in Sources */,
			);
			runOnlyForDeploymentPostprocessing = 0;
		};
/* End PBXSourcesBuildPhase section */

/* Begin PBXVariantGroup section */
		509485BF1F624E4D00E944E0 /* Main.storyboard */ = {
			isa = PBXVariantGroup;
			children = (
				509485C01F624E4D00E944E0 /* Base */,
			);
			name = Main.storyboard;
			sourceTree = "<group>";
		};
/* End PBXVariantGroup section */

/* Begin XCBuildConfiguration section */
		509485C31F624E4D00E944E0 /* Debug */ = {
			isa = XCBuildConfiguration;
			buildSettings = {
				ALWAYS_SEARCH_USER_PATHS = NO;
				CLANG_ANALYZER_NONNULL = YES;
				CLANG_ANALYZER_NUMBER_OBJECT_CONVERSION = YES_AGGRESSIVE;
				CLANG_CXX_LANGUAGE_STANDARD = "gnu++0x";
				CLANG_CXX_LIBRARY = "libc++";
				CLANG_ENABLE_MODULES = YES;
				CLANG_ENABLE_OBJC_ARC = YES;
				CLANG_WARN_BOOL_CONVERSION = YES;
				CLANG_WARN_CONSTANT_CONVERSION = YES;
				CLANG_WARN_DIRECT_OBJC_ISA_USAGE = YES_ERROR;
				CLANG_WARN_DOCUMENTATION_COMMENTS = YES;
				CLANG_WARN_EMPTY_BODY = YES;
				CLANG_WARN_ENUM_CONVERSION = YES;
				CLANG_WARN_INFINITE_RECURSION = YES;
				CLANG_WARN_INT_CONVERSION = YES;
				CLANG_WARN_OBJC_ROOT_CLASS = YES_ERROR;
				CLANG_WARN_SUSPICIOUS_MOVE = YES;
				CLANG_WARN_UNREACHABLE_CODE = YES;
				CLANG_WARN__DUPLICATE_METHOD_MATCH = YES;
				CODE_SIGN_IDENTITY = "-";
				COPY_PHASE_STRIP = NO;
				DEBUG_INFORMATION_FORMAT = dwarf;
				ENABLE_STRICT_OBJC_MSGSEND = YES;
				ENABLE_TESTABILITY = YES;
				GCC_C_LANGUAGE_STANDARD = gnu99;
				GCC_DYNAMIC_NO_PIC = NO;
				GCC_NO_COMMON_BLOCKS = YES;
				GCC_OPTIMIZATION_LEVEL = 0;
				GCC_PREPROCESSOR_DEFINITIONS = (
					"DEBUG=1",
					"$(inherited)",
				);
				GCC_WARN_64_TO_32_BIT_CONVERSION = YES;
				GCC_WARN_ABOUT_RETURN_TYPE = YES_ERROR;
				GCC_WARN_UNDECLARED_SELECTOR = YES;
				GCC_WARN_UNINITIALIZED_AUTOS = YES_AGGRESSIVE;
				GCC_WARN_UNUSED_FUNCTION = YES;
				GCC_WARN_UNUSED_VARIABLE = YES;
				MACOSX_DEPLOYMENT_TARGET = 10.12;
				MTL_ENABLE_DEBUG_INFO = YES;
				ONLY_ACTIVE_ARCH = YES;
				SDKROOT = macosx;
				SWIFT_ACTIVE_COMPILATION_CONDITIONS = DEBUG;
				SWIFT_OPTIMIZATION_LEVEL = "-Onone";
			};
			name = Debug;
		};
		509485C41F624E4D00E944E0 /* Release */ = {
			isa = XCBuildConfiguration;
			buildSettings = {
				ALWAYS_SEARCH_USER_PATHS = NO;
				CLANG_ANALYZER_NONNULL = YES;
				CLANG_ANALYZER_NUMBER_OBJECT_CONVERSION = YES_AGGRESSIVE;
				CLANG_CXX_LANGUAGE_STANDARD = "gnu++0x";
				CLANG_CXX_LIBRARY = "libc++";
				CLANG_ENABLE_MODULES = YES;
				CLANG_ENABLE_OBJC_ARC = YES;
				CLANG_WARN_BOOL_CONVERSION = YES;
				CLANG_WARN_CONSTANT_CONVERSION = YES;
				CLANG_WARN_DIRECT_OBJC_ISA_USAGE = YES_ERROR;
				CLANG_WARN_DOCUMENTATION_COMMENTS = YES;
				CLANG_WARN_EMPTY_BODY = YES;
				CLANG_WARN_ENUM_CONVERSION = YES;
				CLANG_WARN_INFINITE_RECURSION = YES;
				CLANG_WARN_INT_CONVERSION = YES;
				CLANG_WARN_OBJC_ROOT_CLASS = YES_ERROR;
				CLANG_WARN_SUSPICIOUS_MOVE = YES;
				CLANG_WARN_UNREACHABLE_CODE = YES;
				CLANG_WARN__DUPLICATE_METHOD_MATCH = YES;
				CODE_SIGN_IDENTITY = "-";
				COPY_PHASE_STRIP = NO;
				DEBUG_INFORMATION_FORMAT = "dwarf-with-dsym";
				ENABLE_NS_ASSERTIONS = NO;
				ENABLE_STRICT_OBJC_MSGSEND = YES;
				GCC_C_LANGUAGE_STANDARD = gnu99;
				GCC_NO_COMMON_BLOCKS = YES;
				GCC_WARN_64_TO_32_BIT_CONVERSION = YES;
				GCC_WARN_ABOUT_RETURN_TYPE = YES_ERROR;
				GCC_WARN_UNDECLARED_SELECTOR = YES;
				GCC_WARN_UNINITIALIZED_AUTOS = YES_AGGRESSIVE;
				GCC_WARN_UNUSED_FUNCTION = YES;
				GCC_WARN_UNUSED_VARIABLE = YES;
				MACOSX_DEPLOYMENT_TARGET = 10.12;
				MTL_ENABLE_DEBUG_INFO = NO;
				SDKROOT = macosx;
				SWIFT_OPTIMIZATION_LEVEL = "-Owholemodule";
			};
			name = Release;
		};
		509485C61F624E4D00E944E0 /* Debug */ = {
			isa = XCBuildConfiguration;
			buildSettings = {
				ASSETCATALOG_COMPILER_APPICON_NAME = AppIcon;
				COMBINE_HIDPI_IMAGES = YES;
				INFOPLIST_FILE = Chip8/Info.plist;
				LD_RUNPATH_SEARCH_PATHS = "$(inherited) @executable_path/../Frameworks";
				PRODUCT_BUNDLE_IDENTIFIER = "max-rose.Chip8";
				PRODUCT_NAME = "$(TARGET_NAME)";
				SWIFT_VERSION = 3.0;
			};
			name = Debug;
		};
		509485C71F624E4D00E944E0 /* Release */ = {
			isa = XCBuildConfiguration;
			buildSettings = {
				ASSETCATALOG_COMPILER_APPICON_NAME = AppIcon;
				COMBINE_HIDPI_IMAGES = YES;
				INFOPLIST_FILE = Chip8/Info.plist;
				LD_RUNPATH_SEARCH_PATHS = "$(inherited) @executable_path/../Frameworks";
				PRODUCT_BUNDLE_IDENTIFIER = "max-rose.Chip8";
				PRODUCT_NAME = "$(TARGET_NAME)";
				SWIFT_VERSION = 3.0;
			};
			name = Release;
		};
/* End XCBuildConfiguration section */

/* Begin XCConfigurationList section */
		509485B11F624E4D00E944E0 /* Build configuration list for PBXProject "Chip8" */ = {
			isa = XCConfigurationList;
			buildConfigurations = (
				509485C31F624E4D00E944E0 /* Debug */,
				509485C41F624E4D00E944E0 /* Release */,
			);
			defaultConfigurationIsVisible = 0;
			defaultConfigurationName = Release;
		};
		509485C51F624E4D00E944E0 /* Build configuration list for PBXNativeTarget "Chip8" */ = {
			isa = XCConfigurationList;
			buildConfigurations = (
				509485C61F624E4D00E944E0 /* Debug */,
				509485C71F624E4D00E944E0 /* Release */,
			);
			defaultConfigurationIsVisible = 0;
			defaultConfigurationName = Release;
		};
/* End XCConfigurationList section */
	};
	rootObject = 509485AE1F624E4D00E944E0 /* Project object */;
}
